
Microsoft Visual Studio Solution File, Format Version 12.00
# Visual Studio Version 17
VisualStudioVersion = 17.2.32630.192
MinimumVisualStudioVersion = 10.0.40219.1
Project("{FAE04EC0-301F-11D3-BF4B-00C04F79EFBC}") = "unturned-hwid-unbanner", "unturned-hwid-unbanner.csproj", "{869EE11E-7B98-41AF-A11F-0AFADF093CF4}"
EndProject
Global
	GlobalSection(SolutionConfigurationPlatforms) = preSolution
		Debug|Any CPU = Debug|Any CPU
		Release|Any CPU = Release|Any CPU
	EndGlobalSection
	GlobalSection(ProjectConfigurationPlatforms) = postSolution
		{869EE11E-7B98-41AF-A11F-0AFADF093CF4}.Debug|Any CPU.ActiveCfg = Debug|Any CPU
		{869EE11E-7B98-41AF-A11F-0AFADF093CF4}.Debug|Any CPU.Build.0 = Debug|Any CPU
		{869EE11E-7B98-41AF-A11F-0AFADF093CF4}.Release|Any CPU.ActiveCfg = Release|Any CPU
		{869EE11E-7B98-41AF-A11F-0AFADF093CF4}.Release|Any CPU.Build.0 = Release|Any CPU
	EndGlobalSection
	GlobalSection(SolutionProperties) = preSolution
		HideSolutionNode = FALSE
	EndGlobalSection
	GlobalSection(ExtensibilityGlobals) = postSolution
		SolutionGuid = {5DF0070E-9F82-4A06-9ADD-FA8F587F88AF}
	EndGlobalSection
EndGlobal
